
Microsoft Visual Studio Solution File, Format Version 12.00
# Visual Studio Version 17
VisualStudioVersion = 17.0.31903.59
MinimumVisualStudioVersion = 10.0.40219.1
Project("{FAE04EC0-301F-11D3-BF4B-00C04F79EFBC}") = "StoreApp", "StoreApp\StoreApp.csproj", "{8CC6A029-7C87-49B6-85AD-8499126E5650}"
EndProject
Project("{FAE04EC0-301F-11D3-BF4B-00C04F79EFBC}") = "Entities", "Entities\Entities.csproj", "{CC3EE4F6-4F7B-4DA7-AEE0-7B4A7156C1F6}"
EndProject
Project("{FAE04EC0-301F-11D3-BF4B-00C04F79EFBC}") = "Repositories", "Repositories\Repositories.csproj", "{183589ED-12FE-40CA-9ADB-BF8692BF81E7}"
EndProject
Global
	GlobalSection(SolutionConfigurationPlatforms) = preSolution
		Debug|Any CPU = Debug|Any CPU
		Release|Any CPU = Release|Any CPU
	EndGlobalSection
	GlobalSection(SolutionProperties) = preSolution
		HideSolutionNode = FALSE
	EndGlobalSection
	GlobalSection(ProjectConfigurationPlatforms) = postSolution
		{8CC6A029-7C87-49B6-85AD-8499126E5650}.Debug|Any CPU.ActiveCfg = Debug|Any CPU
		{8CC6A029-7C87-49B6-85AD-8499126E5650}.Debug|Any CPU.Build.0 = Debug|Any CPU
		{8CC6A029-7C87-49B6-85AD-8499126E5650}.Release|Any CPU.ActiveCfg = Release|Any CPU
		{8CC6A029-7C87-49B6-85AD-8499126E5650}.Release|Any CPU.Build.0 = Release|Any CPU
		{CC3EE4F6-4F7B-4DA7-AEE0-7B4A7156C1F6}.Debug|Any CPU.ActiveCfg = Debug|Any CPU
		{CC3EE4F6-4F7B-4DA7-AEE0-7B4A7156C1F6}.Debug|Any CPU.Build.0 = Debug|Any CPU
		{CC3EE4F6-4F7B-4DA7-AEE0-7B4A7156C1F6}.Release|Any CPU.ActiveCfg = Release|Any CPU
		{CC3EE4F6-4F7B-4DA7-AEE0-7B4A7156C1F6}.Release|Any CPU.Build.0 = Release|Any CPU
		{183589ED-12FE-40CA-9ADB-BF8692BF81E7}.Debug|Any CPU.ActiveCfg = Debug|Any CPU
		{183589ED-12FE-40CA-9ADB-BF8692BF81E7}.Debug|Any CPU.Build.0 = Debug|Any CPU
		{183589ED-12FE-40CA-9ADB-BF8692BF81E7}.Release|Any CPU.ActiveCfg = Release|Any CPU
		{183589ED-12FE-40CA-9ADB-BF8692BF81E7}.Release|Any CPU.Build.0 = Release|Any CPU
	EndGlobalSection
EndGlobal
